
Microsoft Visual Studio Solution File, Format Version 12.00
# Visual Studio Version 17
VisualStudioVersion = 17.7.34031.279
MinimumVisualStudioVersion = 10.0.40219.1
Project("{8BC9CEB8-8B4A-11D0-8D11-00A0C91BC942}") = "BarcosProject", "BarcosProject\BarcosProject.vcxproj", "{4BE1186D-4816-48CF-B4F0-AC7885A238D6}"
EndProject
Global
	GlobalSection(SolutionConfigurationPlatforms) = preSolution
		Debug|x64 = Debug|x64
		Debug|x86 = Debug|x86
		Release|x64 = Release|x64
		Release|x86 = Release|x86
	EndGlobalSection
	GlobalSection(ProjectConfigurationPlatforms) = postSolution
		{4BE1186D-4816-48CF-B4F0-AC7885A238D6}.Debug|x64.ActiveCfg = Debug|x64
		{4BE1186D-4816-48CF-B4F0-AC7885A238D6}.Debug|x64.Build.0 = Debug|x64
		{4BE1186D-4816-48CF-B4F0-AC7885A238D6}.Debug|x86.ActiveCfg = Debug|Win32
		{4BE1186D-4816-48CF-B4F0-AC7885A238D6}.Debug|x86.Build.0 = Debug|Win32
		{4BE1186D-4816-48CF-B4F0-AC7885A238D6}.Release|x64.ActiveCfg = Release|x64
		{4BE1186D-4816-48CF-B4F0-AC7885A238D6}.Release|x64.Build.0 = Release|x64
		{4BE1186D-4816-48CF-B4F0-AC7885A238D6}.Release|x86.ActiveCfg = Release|Win32
		{4BE1186D-4816-48CF-B4F0-AC7885A238D6}.Release|x86.Build.0 = Release|Win32
	EndGlobalSection
	GlobalSection(SolutionProperties) = preSolution
		HideSolutionNode = FALSE
	EndGlobalSection
	GlobalSection(ExtensibilityGlobals) = postSolution
		SolutionGuid = {A767802D-40E8-413C-928F-45C4CAB76D3E}
	EndGlobalSection
EndGlobal
